
Microsoft Visual Studio Solution File, Format Version 12.00
# Visual Studio 14
VisualStudioVersion = 14.0.25123.0
MinimumVisualStudioVersion = 10.0.40219.1
Project("{9092AA53-FB77-4645-B42D-1CCCA6BD08BD}") = "Concierge", "Concierge.njsproj", "{A6D1AC7A-125C-479A-BD77-C367E400D587}"
EndProject
Global
	GlobalSection(SolutionConfigurationPlatforms) = preSolution
		Debug|Any CPU = Debug|Any CPU
		Release|Any CPU = Release|Any CPU
	EndGlobalSection
	GlobalSection(ProjectConfigurationPlatforms) = postSolution
		{A6D1AC7A-125C-479A-BD77-C367E400D587}.Debug|Any CPU.ActiveCfg = Debug|Any CPU
		{A6D1AC7A-125C-479A-BD77-C367E400D587}.Debug|Any CPU.Build.0 = Debug|Any CPU
		{A6D1AC7A-125C-479A-BD77-C367E400D587}.Release|Any CPU.ActiveCfg = Release|Any CPU
		{A6D1AC7A-125C-479A-BD77-C367E400D587}.Release|Any CPU.Build.0 = Release|Any CPU
	EndGlobalSection
	GlobalSection(SolutionProperties) = preSolution
		HideSolutionNode = FALSE
	EndGlobalSection
EndGlobal
